{
  "name": "appmaps",
  "lockfileVersion": 2,
  "requires": true,
  "packages": {
    "": {
      "dependencies": {
        "@types/google.maps": "^3.44.6",
        "faker": "^5.5.3"
      },
      "devDependencies": {
        "@types/faker": "^5.5.5",
        "typescript": "^4.3.2"
      }
    },
    "node_modules/@types/faker": {
      "version": "5.5.5",
      "resolved": "https://registry.npmjs.org/@types/faker/-/faker-5.5.5.tgz",
      "integrity": "sha512-TNR5SjCg8sSfU4bdXsPJlpLXOH4YGBCVggvdZnttD2SMiONSxfJm231Nxn1VaQWWF2Twl4Wr2KC1hYaNd4M5Zw==",
      "dev": true
    },
    "node_modules/@types/google.maps": {
      "version": "3.44.6",
      "resolved": "https://registry.npmjs.org/@types/google.maps/-/google.maps-3.44.6.tgz",
      "integrity": "sha512-tYOUspQbwa1ndYSTgK5EVmM6DaqVbpeizBJH7a8Yp9B/7tnrBRhADMkQgW+yb75tPb4DQ/vnVAX4lK+Ob3ME+w=="
    },
    "node_modules/faker": {
      "version": "5.5.3",
      "resolved": "https://registry.npmjs.org/faker/-/faker-5.5.3.tgz",
      "integrity": "sha512-wLTv2a28wjUyWkbnX7u/ABZBkUkIF2fCd73V6P2oFqEGEktDfzWx4UxrSqtPRw0xPRAcjeAOIiJWqZm3pP4u3g=="
    },
    "node_modules/typescript": {
      "version": "4.3.2",
      "resolved": "https://registry.npmjs.org/typescript/-/typescript-4.3.2.tgz",
      "integrity": "sha512-zZ4hShnmnoVnAHpVHWpTcxdv7dWP60S2FsydQLV8V5PbS3FifjWFFRiHSWpDJahly88PRyV5teTSLoq4eG7mKw==",
      "dev": true,
      "bin": {
        "tsc": "bin/tsc",
        "tsserver": "bin/tsserver"
      },
      "engines": {
        "node": ">=4.2.0"
      }
    }
  },
  "dependencies": {
    "@types/faker": {
      "version": "5.5.5",
      "resolved": "https://registry.npmjs.org/@types/faker/-/faker-5.5.5.tgz",
      "integrity": "sha512-TNR5SjCg8sSfU4bdXsPJlpLXOH4YGBCVggvdZnttD2SMiONSxfJm231Nxn1VaQWWF2Twl4Wr2KC1hYaNd4M5Zw==",
      "dev": true
    },
    "@types/google.maps": {
      "version": "3.44.6",
      "resolved": "https://registry.npmjs.org/@types/google.maps/-/google.maps-3.44.6.tgz",
      "integrity": "sha512-tYOUspQbwa1ndYSTgK5EVmM6DaqVbpeizBJH7a8Yp9B/7tnrBRhADMkQgW+yb75tPb4DQ/vnVAX4lK+Ob3ME+w=="
    },
    "faker": {
      "version": "5.5.3",
      "resolved": "https://registry.npmjs.org/faker/-/faker-5.5.3.tgz",
      "integrity": "sha512-wLTv2a28wjUyWkbnX7u/ABZBkUkIF2fCd73V6P2oFqEGEktDfzWx4UxrSqtPRw0xPRAcjeAOIiJWqZm3pP4u3g=="
    },
    "typescript": {
      "version": "4.3.2",
      "resolved": "https://registry.npmjs.org/typescript/-/typescript-4.3.2.tgz",
      "integrity": "sha512-zZ4hShnmnoVnAHpVHWpTcxdv7dWP60S2FsydQLV8V5PbS3FifjWFFRiHSWpDJahly88PRyV5teTSLoq4eG7mKw==",
      "dev": true
    }
  }
}
